
Microsoft Visual Studio Solution File, Format Version 12.00
# Visual Studio Version 17
VisualStudioVersion = 17.14.36121.58 d17.14
MinimumVisualStudioVersion = 10.0.40219.1
Project("{8BC9CEB8-8B4A-11D0-8D11-00A0C91BC942}") = "room1108", "room1108.vcxproj", "{0B83ADC9-EDA9-484B-BDDF-DB511C883AEE}"
EndProject
Global
	GlobalSection(SolutionConfigurationPlatforms) = preSolution
		Debug|x64 = Debug|x64
		Release|x64 = Release|x64
	EndGlobalSection
	GlobalSection(ProjectConfigurationPlatforms) = postSolution
		{0B83ADC9-EDA9-484B-BDDF-DB511C883AEE}.Debug|x64.ActiveCfg = Debug|x64
		{0B83ADC9-EDA9-484B-BDDF-DB511C883AEE}.Debug|x64.Build.0 = Debug|x64
		{0B83ADC9-EDA9-484B-BDDF-DB511C883AEE}.Release|x64.ActiveCfg = Release|x64
		{0B83ADC9-EDA9-484B-BDDF-DB511C883AEE}.Release|x64.Build.0 = Release|x64
	EndGlobalSection
	GlobalSection(SolutionProperties) = preSolution
		HideSolutionNode = FALSE
	EndGlobalSection
	GlobalSection(ExtensibilityGlobals) = postSolution
		SolutionGuid = {471211C1-34B1-4E21-A3DB-219E41EE4130}
	EndGlobalSection
EndGlobal
